
Microsoft Visual Studio Solution File, Format Version 12.00
# Visual Studio Version 17
VisualStudioVersion = 17.13.35931.197 d17.13
MinimumVisualStudioVersion = 10.0.40219.1
Project("{FAE04EC0-301F-11D3-BF4B-00C04F79EFBC}") = "WebApp", "WebApp\WebApp.csproj", "{429C761A-22E9-404D-AFA4-41A1F2B43172}"
EndProject
Project("{FAE04EC0-301F-11D3-BF4B-00C04F79EFBC}") = "Data", "Data\Data.csproj", "{2A33BC86-8B02-4B33-A74C-2FF0587693B3}"
EndProject
Project("{FAE04EC0-301F-11D3-BF4B-00C04F79EFBC}") = "Business", "Business\Business.csproj", "{2BC3BD87-FA33-4902-A2C9-44E96DC6A903}"
EndProject
Project("{FAE04EC0-301F-11D3-BF4B-00C04F79EFBC}") = "Domain", "Domain\Domain.csproj", "{8187BF5F-77F4-4073-861A-4084214AC19F}"
EndProject
Global
	GlobalSection(SolutionConfigurationPlatforms) = preSolution
		Debug|Any CPU = Debug|Any CPU
		Release|Any CPU = Release|Any CPU
	EndGlobalSection
	GlobalSection(ProjectConfigurationPlatforms) = postSolution
		{429C761A-22E9-404D-AFA4-41A1F2B43172}.Debug|Any CPU.ActiveCfg = Debug|Any CPU
		{429C761A-22E9-404D-AFA4-41A1F2B43172}.Debug|Any CPU.Build.0 = Debug|Any CPU
		{429C761A-22E9-404D-AFA4-41A1F2B43172}.Release|Any CPU.ActiveCfg = Release|Any CPU
		{429C761A-22E9-404D-AFA4-41A1F2B43172}.Release|Any CPU.Build.0 = Release|Any CPU
		{2A33BC86-8B02-4B33-A74C-2FF0587693B3}.Debug|Any CPU.ActiveCfg = Debug|Any CPU
		{2A33BC86-8B02-4B33-A74C-2FF0587693B3}.Debug|Any CPU.Build.0 = Debug|Any CPU
		{2A33BC86-8B02-4B33-A74C-2FF0587693B3}.Release|Any CPU.ActiveCfg = Release|Any CPU
		{2A33BC86-8B02-4B33-A74C-2FF0587693B3}.Release|Any CPU.Build.0 = Release|Any CPU
		{2BC3BD87-FA33-4902-A2C9-44E96DC6A903}.Debug|Any CPU.ActiveCfg = Debug|Any CPU
		{2BC3BD87-FA33-4902-A2C9-44E96DC6A903}.Debug|Any CPU.Build.0 = Debug|Any CPU
		{2BC3BD87-FA33-4902-A2C9-44E96DC6A903}.Release|Any CPU.ActiveCfg = Release|Any CPU
		{2BC3BD87-FA33-4902-A2C9-44E96DC6A903}.Release|Any CPU.Build.0 = Release|Any CPU
		{8187BF5F-77F4-4073-861A-4084214AC19F}.Debug|Any CPU.ActiveCfg = Debug|Any CPU
		{8187BF5F-77F4-4073-861A-4084214AC19F}.Debug|Any CPU.Build.0 = Debug|Any CPU
		{8187BF5F-77F4-4073-861A-4084214AC19F}.Release|Any CPU.ActiveCfg = Release|Any CPU
		{8187BF5F-77F4-4073-861A-4084214AC19F}.Release|Any CPU.Build.0 = Release|Any CPU
	EndGlobalSection
	GlobalSection(SolutionProperties) = preSolution
		HideSolutionNode = FALSE
	EndGlobalSection
	GlobalSection(ExtensibilityGlobals) = postSolution
		SolutionGuid = {2760D997-B058-4561-90B7-FA6D66F32802}
	EndGlobalSection
EndGlobal
